
Microsoft Visual Studio Solution File, Format Version 12.00
# Visual Studio 14
VisualStudioVersion = 14.0.25420.1
MinimumVisualStudioVersion = 10.0.40219.1
Project("{FAE04EC0-301F-11D3-BF4B-00C04F79EFBC}") = "PVpoc", "PVpoc\PVpoc.csproj", "{015B95C2-3F32-4F98-898F-B94B3F06A620}"
EndProject
Project("{FAE04EC0-301F-11D3-BF4B-00C04F79EFBC}") = "PVpoc.Tests", "PVpoc.Tests\PVpoc.Tests.csproj", "{2A7F8F40-C128-458E-83AE-A3D8FDF27405}"
EndProject
Global
	GlobalSection(SolutionConfigurationPlatforms) = preSolution
		Debug|Any CPU = Debug|Any CPU
		Release|Any CPU = Release|Any CPU
	EndGlobalSection
	GlobalSection(ProjectConfigurationPlatforms) = postSolution
		{015B95C2-3F32-4F98-898F-B94B3F06A620}.Debug|Any CPU.ActiveCfg = Debug|Any CPU
		{015B95C2-3F32-4F98-898F-B94B3F06A620}.Debug|Any CPU.Build.0 = Debug|Any CPU
		{015B95C2-3F32-4F98-898F-B94B3F06A620}.Release|Any CPU.ActiveCfg = Release|Any CPU
		{015B95C2-3F32-4F98-898F-B94B3F06A620}.Release|Any CPU.Build.0 = Release|Any CPU
		{2A7F8F40-C128-458E-83AE-A3D8FDF27405}.Debug|Any CPU.ActiveCfg = Debug|Any CPU
		{2A7F8F40-C128-458E-83AE-A3D8FDF27405}.Debug|Any CPU.Build.0 = Debug|Any CPU
		{2A7F8F40-C128-458E-83AE-A3D8FDF27405}.Release|Any CPU.ActiveCfg = Release|Any CPU
		{2A7F8F40-C128-458E-83AE-A3D8FDF27405}.Release|Any CPU.Build.0 = Release|Any CPU
	EndGlobalSection
	GlobalSection(SolutionProperties) = preSolution
		HideSolutionNode = FALSE
	EndGlobalSection
EndGlobal
